
Microsoft Visual Studio Solution File, Format Version 12.00
# Visual Studio Version 17
VisualStudioVersion = 17.0.31612.314
MinimumVisualStudioVersion = 10.0.40219.1
Project("{FAE04EC0-301F-11D3-BF4B-00C04F79EFBC}") = "Gammer", "Gammer\Gammer.csproj", "{98618D10-5950-43F0-B87B-B02F2A63836F}"
EndProject
Global
	GlobalSection(SolutionConfigurationPlatforms) = preSolution
		Debug|Any CPU = Debug|Any CPU
		Release|Any CPU = Release|Any CPU
	EndGlobalSection
	GlobalSection(ProjectConfigurationPlatforms) = postSolution
		{98618D10-5950-43F0-B87B-B02F2A63836F}.Debug|Any CPU.ActiveCfg = Debug|Any CPU
		{98618D10-5950-43F0-B87B-B02F2A63836F}.Debug|Any CPU.Build.0 = Debug|Any CPU
		{98618D10-5950-43F0-B87B-B02F2A63836F}.Release|Any CPU.ActiveCfg = Release|Any CPU
		{98618D10-5950-43F0-B87B-B02F2A63836F}.Release|Any CPU.Build.0 = Release|Any CPU
	EndGlobalSection
	GlobalSection(SolutionProperties) = preSolution
		HideSolutionNode = FALSE
	EndGlobalSection
	GlobalSection(ExtensibilityGlobals) = postSolution
		SolutionGuid = {C88A8694-1E5D-4F93-9701-D8D087912B33}
	EndGlobalSection
EndGlobal
